
Microsoft Visual Studio Solution File, Format Version 12.00
# Visual Studio Version 17
VisualStudioVersion = 17.13.35931.197
MinimumVisualStudioVersion = 10.0.40219.1
Project("{FAE04EC0-301F-11D3-BF4B-00C04F79EFBC}") = "Shared", "Shared\Shared.csproj", "{43802185-BFE9-446E-BA08-C1BDCECFF280}"
EndProject
Project("{2150E333-8FDC-42A3-9474-1A3956D46DE8}") = "ModelContextProtocol", "ModelContextProtocol", "{02EA681E-C7D8-13C7-8484-4AC65E1B71E8}"
EndProject
Project("{FAE04EC0-301F-11D3-BF4B-00C04F79EFBC}") = "Client", "ModelContextProtocol\Client\Client.csproj", "{9A8423A2-DC27-BA3F-246E-6042F9803765}"
EndProject
Project("{FAE04EC0-301F-11D3-BF4B-00C04F79EFBC}") = "LocalServer", "ModelContextProtocol\LocalServer\LocalServer.csproj", "{12E15ED9-35A5-9587-1F03-C3BBD8CEB336}"
EndProject
Project("{FAE04EC0-301F-11D3-BF4B-00C04F79EFBC}") = "RemoteServer", "ModelContextProtocol\RemoteServer\RemoteServer.csproj", "{6931582A-2E6D-24B3-7367-8A033AA94189}"
EndProject
Project("{2150E333-8FDC-42A3-9474-1A3956D46DE8}") = "- NonAzureOpenAiSamples -", "- NonAzureOpenAiSamples -", "{1ED51175-ABA1-447B-9641-7E9BE737FFE6}"
EndProject
Project("{2150E333-8FDC-42A3-9474-1A3956D46DE8}") = "- NonSemanticKernelSamples -", "- NonSemanticKernelSamples -", "{95E257B8-6F78-459A-B632-99C8DF3B8757}"
EndProject
Project("{2150E333-8FDC-42A3-9474-1A3956D46DE8}") = "RAG", "RAG", "{A4FBC732-D3A4-4BE6-B876-FA3C133B19F8}"
EndProject
Project("{2150E333-8FDC-42A3-9474-1A3956D46DE8}") = "FunctionCalling", "FunctionCalling", "{B20454E4-E861-4122-BEB0-BDD4980CF3B3}"
EndProject
Project("{2150E333-8FDC-42A3-9474-1A3956D46DE8}") = "StructuredOutput", "StructuredOutput", "{BD468CB8-915D-4485-90C5-1762721080B6}"
EndProject
Project("{FAE04EC0-301F-11D3-BF4B-00C04F79EFBC}") = "StructuredOutputExample", "StructuredOutputExample\StructuredOutputExample.csproj", "{D1E35B1D-D22E-1CB7-ABCE-776944BDAF28}"
EndProject
Project("{FAE04EC0-301F-11D3-BF4B-00C04F79EFBC}") = "HelloWorld", "HelloWorldExample\HelloWorld.csproj", "{14756321-2316-FDF9-BC70-548A984544F9}"
EndProject
Project("{FAE04EC0-301F-11D3-BF4B-00C04F79EFBC}") = "RagExample", "RagExample\RagExample.csproj", "{C3448CE7-03C7-4259-5234-6A6B75808825}"
EndProject
Project("{FAE04EC0-301F-11D3-BF4B-00C04F79EFBC}") = "FunctionCallingExample", "FunctionCallingExample\FunctionCallingExample.csproj", "{47837E27-C7C7-58A2-F9AD-6B9556EF61B2}"
EndProject
Project("{FAE04EC0-301F-11D3-BF4B-00C04F79EFBC}") = "AzureOpenAiNuget", "NonSemanticKernelOptions\AzureOpenAiNuget\AzureOpenAiNuget.csproj", "{CBE595E4-838F-84B4-02E1-B08ED24DC7E5}"
EndProject
Project("{FAE04EC0-301F-11D3-BF4B-00C04F79EFBC}") = "MicrosoftExtensionsAi", "NonSemanticKernelOptions\MicrosoftExtensionsAi\MicrosoftExtensionsAi.csproj", "{CC1C378A-E20C-2F98-6A03-A8798E5FA185}"
EndProject
Project("{FAE04EC0-301F-11D3-BF4B-00C04F79EFBC}") = "OpenAiNuget", "NonSemanticKernelOptions\OpenAiNuget\OpenAiNuget.csproj", "{708D6BEA-96A8-E445-BF4E-2980DDFAE843}"
EndProject
Project("{FAE04EC0-301F-11D3-BF4B-00C04F79EFBC}") = "GoogleGeminiSample", "NonAzureOpenAiOptions\GoogleGeminiSample\GoogleGeminiSample.csproj", "{389DD81A-80E4-7AEB-6C07-0544DAD18439}"
EndProject
Project("{FAE04EC0-301F-11D3-BF4B-00C04F79EFBC}") = "OllamaSample", "NonAzureOpenAiOptions\OfflineOllamaSample\OllamaSample.csproj", "{D1FA0668-FABC-2AAD-14E0-F4E14C226206}"
EndProject
Project("{2150E333-8FDC-42A3-9474-1A3956D46DE8}") = "AiFoundry", "AiFoundry", "{CDE93C3F-DDBA-4AB0-9412-EDDF91816CC4}"
EndProject
Project("{FAE04EC0-301F-11D3-BF4B-00C04F79EFBC}") = "AiFoundryHelloWorld", "AiFoundryHelloWorld\AiFoundryHelloWorld.csproj", "{A1A6264D-6063-4E2F-B95F-41DDCFD4BA40}"
EndProject
Project("{FAE04EC0-301F-11D3-BF4B-00C04F79EFBC}") = "AiFoundrySemanticKernel", "AiFoundrySemanticKernel\AiFoundrySemanticKernel.csproj", "{AAACFC09-8F9A-4275-9E35-A77093E3BD1E}"
EndProject
Global
	GlobalSection(SolutionConfigurationPlatforms) = preSolution
		Debug|Any CPU = Debug|Any CPU
		Release|Any CPU = Release|Any CPU
	EndGlobalSection
	GlobalSection(ProjectConfigurationPlatforms) = postSolution
		{43802185-BFE9-446E-BA08-C1BDCECFF280}.Debug|Any CPU.ActiveCfg = Debug|Any CPU
		{43802185-BFE9-446E-BA08-C1BDCECFF280}.Debug|Any CPU.Build.0 = Debug|Any CPU
		{43802185-BFE9-446E-BA08-C1BDCECFF280}.Release|Any CPU.ActiveCfg = Release|Any CPU
		{43802185-BFE9-446E-BA08-C1BDCECFF280}.Release|Any CPU.Build.0 = Release|Any CPU
		{9A8423A2-DC27-BA3F-246E-6042F9803765}.Debug|Any CPU.ActiveCfg = Debug|Any CPU
		{9A8423A2-DC27-BA3F-246E-6042F9803765}.Debug|Any CPU.Build.0 = Debug|Any CPU
		{9A8423A2-DC27-BA3F-246E-6042F9803765}.Release|Any CPU.ActiveCfg = Release|Any CPU
		{9A8423A2-DC27-BA3F-246E-6042F9803765}.Release|Any CPU.Build.0 = Release|Any CPU
		{12E15ED9-35A5-9587-1F03-C3BBD8CEB336}.Debug|Any CPU.ActiveCfg = Debug|Any CPU
		{12E15ED9-35A5-9587-1F03-C3BBD8CEB336}.Debug|Any CPU.Build.0 = Debug|Any CPU
		{12E15ED9-35A5-9587-1F03-C3BBD8CEB336}.Release|Any CPU.ActiveCfg = Release|Any CPU
		{12E15ED9-35A5-9587-1F03-C3BBD8CEB336}.Release|Any CPU.Build.0 = Release|Any CPU
		{6931582A-2E6D-24B3-7367-8A033AA94189}.Debug|Any CPU.ActiveCfg = Debug|Any CPU
		{6931582A-2E6D-24B3-7367-8A033AA94189}.Debug|Any CPU.Build.0 = Debug|Any CPU
		{6931582A-2E6D-24B3-7367-8A033AA94189}.Release|Any CPU.ActiveCfg = Release|Any CPU
		{6931582A-2E6D-24B3-7367-8A033AA94189}.Release|Any CPU.Build.0 = Release|Any CPU
		{D1E35B1D-D22E-1CB7-ABCE-776944BDAF28}.Debug|Any CPU.ActiveCfg = Debug|Any CPU
		{D1E35B1D-D22E-1CB7-ABCE-776944BDAF28}.Debug|Any CPU.Build.0 = Debug|Any CPU
		{D1E35B1D-D22E-1CB7-ABCE-776944BDAF28}.Release|Any CPU.ActiveCfg = Release|Any CPU
		{D1E35B1D-D22E-1CB7-ABCE-776944BDAF28}.Release|Any CPU.Build.0 = Release|Any CPU
		{14756321-2316-FDF9-BC70-548A984544F9}.Debug|Any CPU.ActiveCfg = Debug|Any CPU
		{14756321-2316-FDF9-BC70-548A984544F9}.Debug|Any CPU.Build.0 = Debug|Any CPU
		{14756321-2316-FDF9-BC70-548A984544F9}.Release|Any CPU.ActiveCfg = Release|Any CPU
		{14756321-2316-FDF9-BC70-548A984544F9}.Release|Any CPU.Build.0 = Release|Any CPU
		{C3448CE7-03C7-4259-5234-6A6B75808825}.Debug|Any CPU.ActiveCfg = Debug|Any CPU
		{C3448CE7-03C7-4259-5234-6A6B75808825}.Debug|Any CPU.Build.0 = Debug|Any CPU
		{C3448CE7-03C7-4259-5234-6A6B75808825}.Release|Any CPU.ActiveCfg = Release|Any CPU
		{C3448CE7-03C7-4259-5234-6A6B75808825}.Release|Any CPU.Build.0 = Release|Any CPU
		{47837E27-C7C7-58A2-F9AD-6B9556EF61B2}.Debug|Any CPU.ActiveCfg = Debug|Any CPU
		{47837E27-C7C7-58A2-F9AD-6B9556EF61B2}.Debug|Any CPU.Build.0 = Debug|Any CPU
		{47837E27-C7C7-58A2-F9AD-6B9556EF61B2}.Release|Any CPU.ActiveCfg = Release|Any CPU
		{47837E27-C7C7-58A2-F9AD-6B9556EF61B2}.Release|Any CPU.Build.0 = Release|Any CPU
		{CBE595E4-838F-84B4-02E1-B08ED24DC7E5}.Debug|Any CPU.ActiveCfg = Debug|Any CPU
		{CBE595E4-838F-84B4-02E1-B08ED24DC7E5}.Debug|Any CPU.Build.0 = Debug|Any CPU
		{CBE595E4-838F-84B4-02E1-B08ED24DC7E5}.Release|Any CPU.ActiveCfg = Release|Any CPU
		{CBE595E4-838F-84B4-02E1-B08ED24DC7E5}.Release|Any CPU.Build.0 = Release|Any CPU
		{CC1C378A-E20C-2F98-6A03-A8798E5FA185}.Debug|Any CPU.ActiveCfg = Debug|Any CPU
		{CC1C378A-E20C-2F98-6A03-A8798E5FA185}.Debug|Any CPU.Build.0 = Debug|Any CPU
		{CC1C378A-E20C-2F98-6A03-A8798E5FA185}.Release|Any CPU.ActiveCfg = Release|Any CPU
		{CC1C378A-E20C-2F98-6A03-A8798E5FA185}.Release|Any CPU.Build.0 = Release|Any CPU
		{708D6BEA-96A8-E445-BF4E-2980DDFAE843}.Debug|Any CPU.ActiveCfg = Debug|Any CPU
		{708D6BEA-96A8-E445-BF4E-2980DDFAE843}.Debug|Any CPU.Build.0 = Debug|Any CPU
		{708D6BEA-96A8-E445-BF4E-2980DDFAE843}.Release|Any CPU.ActiveCfg = Release|Any CPU
		{708D6BEA-96A8-E445-BF4E-2980DDFAE843}.Release|Any CPU.Build.0 = Release|Any CPU
		{389DD81A-80E4-7AEB-6C07-0544DAD18439}.Debug|Any CPU.ActiveCfg = Debug|Any CPU
		{389DD81A-80E4-7AEB-6C07-0544DAD18439}.Debug|Any CPU.Build.0 = Debug|Any CPU
		{389DD81A-80E4-7AEB-6C07-0544DAD18439}.Release|Any CPU.ActiveCfg = Release|Any CPU
		{389DD81A-80E4-7AEB-6C07-0544DAD18439}.Release|Any CPU.Build.0 = Release|Any CPU
		{D1FA0668-FABC-2AAD-14E0-F4E14C226206}.Debug|Any CPU.ActiveCfg = Debug|Any CPU
		{D1FA0668-FABC-2AAD-14E0-F4E14C226206}.Debug|Any CPU.Build.0 = Debug|Any CPU
		{D1FA0668-FABC-2AAD-14E0-F4E14C226206}.Release|Any CPU.ActiveCfg = Release|Any CPU
		{D1FA0668-FABC-2AAD-14E0-F4E14C226206}.Release|Any CPU.Build.0 = Release|Any CPU
		{A1A6264D-6063-4E2F-B95F-41DDCFD4BA40}.Debug|Any CPU.ActiveCfg = Debug|Any CPU
		{A1A6264D-6063-4E2F-B95F-41DDCFD4BA40}.Debug|Any CPU.Build.0 = Debug|Any CPU
		{A1A6264D-6063-4E2F-B95F-41DDCFD4BA40}.Release|Any CPU.ActiveCfg = Release|Any CPU
		{A1A6264D-6063-4E2F-B95F-41DDCFD4BA40}.Release|Any CPU.Build.0 = Release|Any CPU
		{AAACFC09-8F9A-4275-9E35-A77093E3BD1E}.Debug|Any CPU.ActiveCfg = Debug|Any CPU
		{AAACFC09-8F9A-4275-9E35-A77093E3BD1E}.Debug|Any CPU.Build.0 = Debug|Any CPU
		{AAACFC09-8F9A-4275-9E35-A77093E3BD1E}.Release|Any CPU.ActiveCfg = Release|Any CPU
		{AAACFC09-8F9A-4275-9E35-A77093E3BD1E}.Release|Any CPU.Build.0 = Release|Any CPU
	EndGlobalSection
	GlobalSection(SolutionProperties) = preSolution
		HideSolutionNode = FALSE
	EndGlobalSection
	GlobalSection(NestedProjects) = preSolution
		{9A8423A2-DC27-BA3F-246E-6042F9803765} = {02EA681E-C7D8-13C7-8484-4AC65E1B71E8}
		{12E15ED9-35A5-9587-1F03-C3BBD8CEB336} = {02EA681E-C7D8-13C7-8484-4AC65E1B71E8}
		{6931582A-2E6D-24B3-7367-8A033AA94189} = {02EA681E-C7D8-13C7-8484-4AC65E1B71E8}
		{D1E35B1D-D22E-1CB7-ABCE-776944BDAF28} = {BD468CB8-915D-4485-90C5-1762721080B6}
		{C3448CE7-03C7-4259-5234-6A6B75808825} = {A4FBC732-D3A4-4BE6-B876-FA3C133B19F8}
		{47837E27-C7C7-58A2-F9AD-6B9556EF61B2} = {B20454E4-E861-4122-BEB0-BDD4980CF3B3}
		{CBE595E4-838F-84B4-02E1-B08ED24DC7E5} = {95E257B8-6F78-459A-B632-99C8DF3B8757}
		{CC1C378A-E20C-2F98-6A03-A8798E5FA185} = {95E257B8-6F78-459A-B632-99C8DF3B8757}
		{708D6BEA-96A8-E445-BF4E-2980DDFAE843} = {95E257B8-6F78-459A-B632-99C8DF3B8757}
		{389DD81A-80E4-7AEB-6C07-0544DAD18439} = {1ED51175-ABA1-447B-9641-7E9BE737FFE6}
		{D1FA0668-FABC-2AAD-14E0-F4E14C226206} = {1ED51175-ABA1-447B-9641-7E9BE737FFE6}
		{A1A6264D-6063-4E2F-B95F-41DDCFD4BA40} = {CDE93C3F-DDBA-4AB0-9412-EDDF91816CC4}
		{AAACFC09-8F9A-4275-9E35-A77093E3BD1E} = {CDE93C3F-DDBA-4AB0-9412-EDDF91816CC4}
	EndGlobalSection
	GlobalSection(ExtensibilityGlobals) = postSolution
		SolutionGuid = {0C2D5D25-0317-43D4-B473-812F10D5FA77}
	EndGlobalSection
EndGlobal
